
Microsoft Visual Studio Solution File, Format Version 12.00
# Visual Studio Version 16
VisualStudioVersion = 16.0.31410.357
MinimumVisualStudioVersion = 10.0.40219.1
Project("{FAE04EC0-301F-11D3-BF4B-00C04F79EFBC}") = "Escuela", "Escuela.csproj", "{9E2B33F6-38F9-40C1-9E6D-9C4C590C2029}"
EndProject
Project("{FAE04EC0-301F-11D3-BF4B-00C04F79EFBC}") = "Escuela_DAL", "..\Escuela_DAL\Escuela_DAL.csproj", "{495C39B8-8A65-4EB3-A44F-5FF302AC6FD3}"
EndProject
Project("{FAE04EC0-301F-11D3-BF4B-00C04F79EFBC}") = "Escuela_BLL", "..\Escuela_BLL\Escuela_BLL.csproj", "{8D311592-3D66-45E1-BC15-A3DDFE056A07}"
EndProject
Global
	GlobalSection(SolutionConfigurationPlatforms) = preSolution
		Debug|Any CPU = Debug|Any CPU
		Release|Any CPU = Release|Any CPU
	EndGlobalSection
	GlobalSection(ProjectConfigurationPlatforms) = postSolution
		{9E2B33F6-38F9-40C1-9E6D-9C4C590C2029}.Debug|Any CPU.ActiveCfg = Debug|Any CPU
		{9E2B33F6-38F9-40C1-9E6D-9C4C590C2029}.Debug|Any CPU.Build.0 = Debug|Any CPU
		{9E2B33F6-38F9-40C1-9E6D-9C4C590C2029}.Release|Any CPU.ActiveCfg = Release|Any CPU
		{9E2B33F6-38F9-40C1-9E6D-9C4C590C2029}.Release|Any CPU.Build.0 = Release|Any CPU
		{495C39B8-8A65-4EB3-A44F-5FF302AC6FD3}.Debug|Any CPU.ActiveCfg = Debug|Any CPU
		{495C39B8-8A65-4EB3-A44F-5FF302AC6FD3}.Debug|Any CPU.Build.0 = Debug|Any CPU
		{495C39B8-8A65-4EB3-A44F-5FF302AC6FD3}.Release|Any CPU.ActiveCfg = Release|Any CPU
		{495C39B8-8A65-4EB3-A44F-5FF302AC6FD3}.Release|Any CPU.Build.0 = Release|Any CPU
		{8D311592-3D66-45E1-BC15-A3DDFE056A07}.Debug|Any CPU.ActiveCfg = Debug|Any CPU
		{8D311592-3D66-45E1-BC15-A3DDFE056A07}.Debug|Any CPU.Build.0 = Debug|Any CPU
		{8D311592-3D66-45E1-BC15-A3DDFE056A07}.Release|Any CPU.ActiveCfg = Release|Any CPU
		{8D311592-3D66-45E1-BC15-A3DDFE056A07}.Release|Any CPU.Build.0 = Release|Any CPU
	EndGlobalSection
	GlobalSection(SolutionProperties) = preSolution
		HideSolutionNode = FALSE
	EndGlobalSection
	GlobalSection(ExtensibilityGlobals) = postSolution
		SolutionGuid = {E5100378-357F-4D7F-899B-1DAEBB3AE93A}
	EndGlobalSection
EndGlobal
